// !$*UTF8*$!
{
	archiveVersion = 1;
	classes = {
	};
	objectVersion = 56;
	objects = {

/* Begin PBXBuildFile section */
		5855DF422AD18E7A004B05CD /* EaseModeProtocol.swift in Sources */ = {isa = PBXBuildFile; fileRef = 5855DF412AD18E7A004B05CD /* EaseModeProtocol.swift */; };
		5855DF442AD18EB5004B05CD /* EaseModes.swift in Sources */ = {isa = PBXBuildFile; fileRef = 5855DF432AD18EB5004B05CD /* EaseModes.swift */; };
		5855DF462AD18EDB004B05CD /* EaseModeManager.swift in Sources */ = {isa = PBXBuildFile; fileRef = 5855DF452AD18EDB004B05CD /* EaseModeManager.swift */; };
		5855DF482AD19A03004B05CD /* ScrollerInterpolator.swift in Sources */ = {isa = PBXBuildFile; fileRef = 5855DF472AD19A03004B05CD /* ScrollerInterpolator.swift */; };
		5855DF4A2AD19A28004B05CD /* ScrollInterpolationController.swift in Sources */ = {isa = PBXBuildFile; fileRef = 5855DF492AD19A28004B05CD /* ScrollInterpolationController.swift */; };
		5855DF4C2AD1AF72004B05CD /* StatusBarManager.swift in Sources */ = {isa = PBXBuildFile; fileRef = 5855DF4B2AD1AF72004B05CD /* StatusBarManager.swift */; };
		58BA5DAF2AD13DAC000887B8 /* ScrollerApp.swift in Sources */ = {isa = PBXBuildFile; fileRef = 58BA5DAE2AD13DAC000887B8 /* ScrollerApp.swift */; };
		58BA5DB12AD13DAC000887B8 /* ContentView.swift in Sources */ = {isa = PBXBuildFile; fileRef = 58BA5DB02AD13DAC000887B8 /* ContentView.swift */; };
		58BA5DB32AD13DAD000887B8 /* Assets.xcassets in Resources */ = {isa = PBXBuildFile; fileRef = 58BA5DB22AD13DAD000887B8 /* Assets.xcassets */; };
		58BA5DB62AD13DAD000887B8 /* Preview Assets.xcassets in Resources */ = {isa = PBXBuildFile; fileRef = 58BA5DB52AD13DAD000887B8 /* Preview Assets.xcassets */; };
/* End PBXBuildFile section */

/* Begin PBXFileReference section */
		5855DF412AD18E7A004B05CD /* EaseModeProtocol.swift */ = {isa = PBXFileReference; lastKnownFileType = sourcecode.swift; path = EaseModeProtocol.swift; sourceTree = "<group>"; };
		5855DF432AD18EB5004B05CD /* EaseModes.swift */ = {isa = PBXFileReference; lastKnownFileType = sourcecode.swift; path = EaseModes.swift; sourceTree = "<group>"; };
		5855DF452AD18EDB004B05CD /* EaseModeManager.swift */ = {isa = PBXFileReference; lastKnownFileType = sourcecode.swift; path = EaseModeManager.swift; sourceTree = "<group>"; };
		5855DF472AD19A03004B05CD /* ScrollerInterpolator.swift */ = {isa = PBXFileReference; lastKnownFileType = sourcecode.swift; path = ScrollerInterpolator.swift; sourceTree = "<group>"; };
		5855DF492AD19A28004B05CD /* ScrollInterpolationController.swift */ = {isa = PBXFileReference; lastKnownFileType = sourcecode.swift; path = ScrollInterpolationController.swift; sourceTree = "<group>"; };
		5855DF4B2AD1AF72004B05CD /* StatusBarManager.swift */ = {isa = PBXFileReference; lastKnownFileType = sourcecode.swift; path = StatusBarManager.swift; sourceTree = "<group>"; };
		58BA5DAB2AD13DAC000887B8 /* Scroller.app */ = {isa = PBXFileReference; explicitFileType = wrapper.application; includeInIndex = 0; path = Scroller.app; sourceTree = BUILT_PRODUCTS_DIR; };
		58BA5DAE2AD13DAC000887B8 /* ScrollerApp.swift */ = {isa = PBXFileReference; lastKnownFileType = sourcecode.swift; path = ScrollerApp.swift; sourceTree = "<group>"; };
		58BA5DB02AD13DAC000887B8 /* ContentView.swift */ = {isa = PBXFileReference; lastKnownFileType = sourcecode.swift; path = ContentView.swift; sourceTree = "<group>"; };
		58BA5DB22AD13DAD000887B8 /* Assets.xcassets */ = {isa = PBXFileReference; lastKnownFileType = folder.assetcatalog; path = Assets.xcassets; sourceTree = "<group>"; };
		58BA5DB52AD13DAD000887B8 /* Preview Assets.xcassets */ = {isa = PBXFileReference; lastKnownFileType = folder.assetcatalog; path = "Preview Assets.xcassets"; sourceTree = "<group>"; };
		58BA5DB72AD13DAD000887B8 /* Scroller.entitlements */ = {isa = PBXFileReference; lastKnownFileType = text.plist.entitlements; path = Scroller.entitlements; sourceTree = "<group>"; };
		58BA5DBF2AD14242000887B8 /* Info.plist */ = {isa = PBXFileReference; lastKnownFileType = text.plist; path = Info.plist; sourceTree = "<group>"; };
/* End PBXFileReference section */

/* Begin PBXFrameworksBuildPhase section */
		58BA5DA82AD13DAC000887B8 /* Frameworks */ = {
			isa = PBXFrameworksBuildPhase;
			buildActionMask = 2147483647;
			files = (
			);
			runOnlyForDeploymentPostprocessing = 0;
		};
/* End PBXFrameworksBuildPhase section */

/* Begin PBXGroup section */
		58BA5DA22AD13DAC000887B8 = {
			isa = PBXGroup;
			children = (
				58BA5DAD2AD13DAC000887B8 /* Scroller */,
				58BA5DAC2AD13DAC000887B8 /* Products */,
			);
			sourceTree = "<group>";
		};
		58BA5DAC2AD13DAC000887B8 /* Products */ = {
			isa = PBXGroup;
			children = (
				58BA5DAB2AD13DAC000887B8 /* Scroller.app */,
			);
			name = Products;
			sourceTree = "<group>";
		};
		58BA5DAD2AD13DAC000887B8 /* Scroller */ = {
			isa = PBXGroup;
			children = (
				58BA5DBF2AD14242000887B8 /* Info.plist */,
				58BA5DAE2AD13DAC000887B8 /* ScrollerApp.swift */,
				58BA5DB02AD13DAC000887B8 /* ContentView.swift */,
				58BA5DB22AD13DAD000887B8 /* Assets.xcassets */,
				58BA5DB72AD13DAD000887B8 /* Scroller.entitlements */,
				58BA5DB42AD13DAD000887B8 /* Preview Content */,
				5855DF412AD18E7A004B05CD /* EaseModeProtocol.swift */,
				5855DF432AD18EB5004B05CD /* EaseModes.swift */,
				5855DF452AD18EDB004B05CD /* EaseModeManager.swift */,
				5855DF472AD19A03004B05CD /* ScrollerInterpolator.swift */,
				5855DF492AD19A28004B05CD /* ScrollInterpolationController.swift */,
				5855DF4B2AD1AF72004B05CD /* StatusBarManager.swift */,
			);
			path = Scroller;
			sourceTree = "<group>";
		};
		58BA5DB42AD13DAD000887B8 /* Preview Content */ = {
			isa = PBXGroup;
			children = (
				58BA5DB52AD13DAD000887B8 /* Preview Assets.xcassets */,
			);
			path = "Preview Content";
			sourceTree = "<group>";
		};
/* End PBXGroup section */

/* Begin PBXNativeTarget section */
		58BA5DAA2AD13DAC000887B8 /* Scroller */ = {
			isa = PBXNativeTarget;
			buildConfigurationList = 58BA5DBA2AD13DAD000887B8 /* Build configuration list for PBXNativeTarget "Scroller" */;
			buildPhases = (
				58BA5DA72AD13DAC000887B8 /* Sources */,
				58BA5DA82AD13DAC000887B8 /* Frameworks */,
				58BA5DA92AD13DAC000887B8 /* Resources */,
			);
			buildRules = (
			);
			dependencies = (
			);
			name = Scroller;
			productName = Scroller;
			productReference = 58BA5DAB2AD13DAC000887B8 /* Scroller.app */;
			productType = "com.apple.product-type.application";
		};
/* End PBXNativeTarget section */

/* Begin PBXProject section */
		58BA5DA32AD13DAC000887B8 /* Project object */ = {
			isa = PBXProject;
			attributes = {
				BuildIndependentTargetsInParallel = 1;
				LastSwiftUpdateCheck = 1500;
				LastUpgradeCheck = 1500;
				TargetAttributes = {
					58BA5DAA2AD13DAC000887B8 = {
						CreatedOnToolsVersion = 15.0;
					};
				};
			};
			buildConfigurationList = 58BA5DA62AD13DAC000887B8 /* Build configuration list for PBXProject "Scroller" */;
			compatibilityVersion = "Xcode 14.0";
			developmentRegion = en;
			hasScannedForEncodings = 0;
			knownRegions = (
				en,
				Base,
			);
			mainGroup = 58BA5DA22AD13DAC000887B8;
			productRefGroup = 58BA5DAC2AD13DAC000887B8 /* Products */;
			projectDirPath = "";
			projectRoot = "";
			targets = (
				58BA5DAA2AD13DAC000887B8 /* Scroller */,
			);
		};
/* End PBXProject section */

/* Begin PBXResourcesBuildPhase section */
		58BA5DA92AD13DAC000887B8 /* Resources */ = {
			isa = PBXResourcesBuildPhase;
			buildActionMask = 2147483647;
			files = (
				58BA5DB62AD13DAD000887B8 /* Preview Assets.xcassets in Resources */,
				58BA5DB32AD13DAD000887B8 /* Assets.xcassets in Resources */,
			);
			runOnlyForDeploymentPostprocessing = 0;
		};
/* End PBXResourcesBuildPhase section */

/* Begin PBXSourcesBuildPhase section */
		58BA5DA72AD13DAC000887B8 /* Sources */ = {
			isa = PBXSourcesBuildPhase;
			buildActionMask = 2147483647;
			files = (
				5855DF442AD18EB5004B05CD /* EaseModes.swift in Sources */,
				58BA5DB12AD13DAC000887B8 /* ContentView.swift in Sources */,
				5855DF4A2AD19A28004B05CD /* ScrollInterpolationController.swift in Sources */,
				5855DF482AD19A03004B05CD /* ScrollerInterpolator.swift in Sources */,
				5855DF462AD18EDB004B05CD /* EaseModeManager.swift in Sources */,
				5855DF4C2AD1AF72004B05CD /* StatusBarManager.swift in Sources */,
				58BA5DAF2AD13DAC000887B8 /* ScrollerApp.swift in Sources */,
				5855DF422AD18E7A004B05CD /* EaseModeProtocol.swift in Sources */,
			);
			runOnlyForDeploymentPostprocessing = 0;
		};
/* End PBXSourcesBuildPhase section */

/* Begin XCBuildConfiguration section */
		58BA5DB82AD13DAD000887B8 /* Debug */ = {
			isa = XCBuildConfiguration;
			buildSettings = {
				ALWAYS_SEARCH_USER_PATHS = NO;
				ASSETCATALOG_COMPILER_GENERATE_SWIFT_ASSET_SYMBOL_EXTENSIONS = YES;
				CLANG_ANALYZER_NONNULL = YES;
				CLANG_ANALYZER_NUMBER_OBJECT_CONVERSION = YES_AGGRESSIVE;
				CLANG_CXX_LANGUAGE_STANDARD = "gnu++20";
				CLANG_ENABLE_MODULES = YES;
				CLANG_ENABLE_OBJC_ARC = YES;
				CLANG_ENABLE_OBJC_WEAK = YES;
				CLANG_WARN_BLOCK_CAPTURE_AUTORELEASING = YES;
				CLANG_WARN_BOOL_CONVERSION = YES;
				CLANG_WARN_COMMA = YES;
				CLANG_WARN_CONSTANT_CONVERSION = YES;
				CLANG_WARN_DEPRECATED_OBJC_IMPLEMENTATIONS = YES;
				CLANG_WARN_DIRECT_OBJC_ISA_USAGE = YES_ERROR;
				CLANG_WARN_DOCUMENTATION_COMMENTS = YES;
				CLANG_WARN_EMPTY_BODY = YES;
				CLANG_WARN_ENUM_CONVERSION = YES;
				CLANG_WARN_INFINITE_RECURSION = YES;
				CLANG_WARN_INT_CONVERSION = YES;
				CLANG_WARN_NON_LITERAL_NULL_CONVERSION = YES;
				CLANG_WARN_OBJC_IMPLICIT_RETAIN_SELF = YES;
				CLANG_WARN_OBJC_LITERAL_CONVERSION = YES;
				CLANG_WARN_OBJC_ROOT_CLASS = YES_ERROR;
				CLANG_WARN_QUOTED_INCLUDE_IN_FRAMEWORK_HEADER = YES;
				CLANG_WARN_RANGE_LOOP_ANALYSIS = YES;
				CLANG_WARN_STRICT_PROTOTYPES = YES;
				CLANG_WARN_SUSPICIOUS_MOVE = YES;
				CLANG_WARN_UNGUARDED_AVAILABILITY = YES_AGGRESSIVE;
				CLANG_WARN_UNREACHABLE_CODE = YES;
				CLANG_WARN__DUPLICATE_METHOD_MATCH = YES;
				COPY_PHASE_STRIP = NO;
				DEBUG_INFORMATION_FORMAT = dwarf;
				ENABLE_STRICT_OBJC_MSGSEND = YES;
				ENABLE_TESTABILITY = YES;
				ENABLE_USER_SCRIPT_SANDBOXING = YES;
				GCC_C_LANGUAGE_STANDARD = gnu17;
				GCC_DYNAMIC_NO_PIC = NO;
				GCC_NO_COMMON_BLOCKS = YES;
				GCC_OPTIMIZATION_LEVEL = 0;
				GCC_PREPROCESSOR_DEFINITIONS = (
					"DEBUG=1",
					"$(inherited)",
				);
				GCC_WARN_64_TO_32_BIT_CONVERSION = YES;
				GCC_WARN_ABOUT_RETURN_TYPE = YES_ERROR;
				GCC_WARN_UNDECLARED_SELECTOR = YES;
				GCC_WARN_UNINITIALIZED_AUTOS = YES_AGGRESSIVE;
				GCC_WARN_UNUSED_FUNCTION = YES;
				GCC_WARN_UNUSED_VARIABLE = YES;
				LOCALIZATION_PREFERS_STRING_CATALOGS = YES;
				MACOSX_DEPLOYMENT_TARGET = 14.0;
				MTL_ENABLE_DEBUG_INFO = INCLUDE_SOURCE;
				MTL_FAST_MATH = YES;
				ONLY_ACTIVE_ARCH = YES;
				SDKROOT = macosx;
				SWIFT_ACTIVE_COMPILATION_CONDITIONS = "DEBUG $(inherited)";
				SWIFT_OPTIMIZATION_LEVEL = "-Onone";
			};
			name = Debug;
		};
		58BA5DB92AD13DAD000887B8 /* Release */ = {
			isa = XCBuildConfiguration;
			buildSettings = {
				ALWAYS_SEARCH_USER_PATHS = NO;
				ASSETCATALOG_COMPILER_GENERATE_SWIFT_ASSET_SYMBOL_EXTENSIONS = YES;
				CLANG_ANALYZER_NONNULL = YES;
				CLANG_ANALYZER_NUMBER_OBJECT_CONVERSION = YES_AGGRESSIVE;
				CLANG_CXX_LANGUAGE_STANDARD = "gnu++20";
				CLANG_ENABLE_MODULES = YES;
				CLANG_ENABLE_OBJC_ARC = YES;
				CLANG_ENABLE_OBJC_WEAK = YES;
				CLANG_WARN_BLOCK_CAPTURE_AUTORELEASING = YES;
				CLANG_WARN_BOOL_CONVERSION = YES;
				CLANG_WARN_COMMA = YES;
				CLANG_WARN_CONSTANT_CONVERSION = YES;
				CLANG_WARN_DEPRECATED_OBJC_IMPLEMENTATIONS = YES;
				CLANG_WARN_DIRECT_OBJC_ISA_USAGE = YES_ERROR;
				CLANG_WARN_DOCUMENTATION_COMMENTS = YES;
				CLANG_WARN_EMPTY_BODY = YES;
				CLANG_WARN_ENUM_CONVERSION = YES;
				CLANG_WARN_INFINITE_RECURSION = YES;
				CLANG_WARN_INT_CONVERSION = YES;
				CLANG_WARN_NON_LITERAL_NULL_CONVERSION = YES;
				CLANG_WARN_OBJC_IMPLICIT_RETAIN_SELF = YES;
				CLANG_WARN_OBJC_LITERAL_CONVERSION = YES;
				CLANG_WARN_OBJC_ROOT_CLASS = YES_ERROR;
				CLANG_WARN_QUOTED_INCLUDE_IN_FRAMEWORK_HEADER = YES;
				CLANG_WARN_RANGE_LOOP_ANALYSIS = YES;
				CLANG_WARN_STRICT_PROTOTYPES = YES;
				CLANG_WARN_SUSPICIOUS_MOVE = YES;
				CLANG_WARN_UNGUARDED_AVAILABILITY = YES_AGGRESSIVE;
				CLANG_WARN_UNREACHABLE_CODE = YES;
				CLANG_WARN__DUPLICATE_METHOD_MATCH = YES;
				COPY_PHASE_STRIP = NO;
				DEBUG_INFORMATION_FORMAT = "dwarf-with-dsym";
				ENABLE_NS_ASSERTIONS = NO;
				ENABLE_STRICT_OBJC_MSGSEND = YES;
				ENABLE_USER_SCRIPT_SANDBOXING = YES;
				GCC_C_LANGUAGE_STANDARD = gnu17;
				GCC_NO_COMMON_BLOCKS = YES;
				GCC_WARN_64_TO_32_BIT_CONVERSION = YES;
				GCC_WARN_ABOUT_RETURN_TYPE = YES_ERROR;
				GCC_WARN_UNDECLARED_SELECTOR = YES;
				GCC_WARN_UNINITIALIZED_AUTOS = YES_AGGRESSIVE;
				GCC_WARN_UNUSED_FUNCTION = YES;
				GCC_WARN_UNUSED_VARIABLE = YES;
				LOCALIZATION_PREFERS_STRING_CATALOGS = YES;
				MACOSX_DEPLOYMENT_TARGET = 14.0;
				MTL_ENABLE_DEBUG_INFO = NO;
				MTL_FAST_MATH = YES;
				SDKROOT = macosx;
				SWIFT_COMPILATION_MODE = wholemodule;
			};
			name = Release;
		};
		58BA5DBB2AD13DAD000887B8 /* Debug */ = {
			isa = XCBuildConfiguration;
			buildSettings = {
				ASSETCATALOG_COMPILER_APPICON_NAME = AppIcon;
				ASSETCATALOG_COMPILER_GLOBAL_ACCENT_COLOR_NAME = AccentColor;
				CODE_SIGN_ENTITLEMENTS = Scroller/Scroller.entitlements;
				CODE_SIGN_IDENTITY = "Apple Development";
				"CODE_SIGN_IDENTITY[sdk=macosx*]" = "Apple Development";
				CODE_SIGN_STYLE = Automatic;
				COMBINE_HIDPI_IMAGES = YES;
				CURRENT_PROJECT_VERSION = 1;
				DEVELOPMENT_ASSET_PATHS = "\"Scroller/Preview Content\"";
				DEVELOPMENT_TEAM = T3QT922NUJ;
				ENABLE_PREVIEWS = YES;
				GENERATE_INFOPLIST_FILE = YES;
				INFOPLIST_FILE = Scroller/Info.plist;
				INFOPLIST_KEY_LSApplicationCategoryType = "";
				LD_RUNPATH_SEARCH_PATHS = (
					"$(inherited)",
					"@executable_path/../Frameworks",
				);
				MARKETING_VERSION = 1.0;
				PRODUCT_BUNDLE_IDENTIFIER = "Marvin-K.Scroller";
				PRODUCT_NAME = "$(TARGET_NAME)";
				PROVISIONING_PROFILE_SPECIFIER = "";
				SWIFT_EMIT_LOC_STRINGS = YES;
				SWIFT_VERSION = 5.0;
			};
			name = Debug;
		};
		58BA5DBC2AD13DAD000887B8 /* Release */ = {
			isa = XCBuildConfiguration;
			buildSettings = {
				ASSETCATALOG_COMPILER_APPICON_NAME = AppIcon;
				ASSETCATALOG_COMPILER_GLOBAL_ACCENT_COLOR_NAME = AccentColor;
				CODE_SIGN_ENTITLEMENTS = Scroller/Scroller.entitlements;
				CODE_SIGN_IDENTITY = "Apple Development";
				"CODE_SIGN_IDENTITY[sdk=macosx*]" = "Apple Development";
				CODE_SIGN_STYLE = Automatic;
				COMBINE_HIDPI_IMAGES = YES;
				CURRENT_PROJECT_VERSION = 1;
				DEVELOPMENT_ASSET_PATHS = "\"Scroller/Preview Content\"";
				DEVELOPMENT_TEAM = T3QT922NUJ;
				ENABLE_PREVIEWS = YES;
				GENERATE_INFOPLIST_FILE = YES;
				INFOPLIST_FILE = Scroller/Info.plist;
				INFOPLIST_KEY_LSApplicationCategoryType = "";
				LD_RUNPATH_SEARCH_PATHS = (
					"$(inherited)",
					"@executable_path/../Frameworks",
				);
				MARKETING_VERSION = 1.0;
				PRODUCT_BUNDLE_IDENTIFIER = "Marvin-K.Scroller";
				PRODUCT_NAME = "$(TARGET_NAME)";
				PROVISIONING_PROFILE_SPECIFIER = "";
				SWIFT_EMIT_LOC_STRINGS = YES;
				SWIFT_VERSION = 5.0;
			};
			name = Release;
		};
/* End XCBuildConfiguration section */

/* Begin XCConfigurationList section */
		58BA5DA62AD13DAC000887B8 /* Build configuration list for PBXProject "Scroller" */ = {
			isa = XCConfigurationList;
			buildConfigurations = (
				58BA5DB82AD13DAD000887B8 /* Debug */,
				58BA5DB92AD13DAD000887B8 /* Release */,
			);
			defaultConfigurationIsVisible = 0;
			defaultConfigurationName = Release;
		};
		58BA5DBA2AD13DAD000887B8 /* Build configuration list for PBXNativeTarget "Scroller" */ = {
			isa = XCConfigurationList;
			buildConfigurations = (
				58BA5DBB2AD13DAD000887B8 /* Debug */,
				58BA5DBC2AD13DAD000887B8 /* Release */,
			);
			defaultConfigurationIsVisible = 0;
			defaultConfigurationName = Release;
		};
/* End XCConfigurationList section */
	};
	rootObject = 58BA5DA32AD13DAC000887B8 /* Project object */;
}
